{
  "name": "1kjun1m",
  "version": "1.0.0",
  "lockfileVersion": 3,
  "requires": true,
  "packages": {
    "": {
      "name": "1kjun1m",
      "version": "1.0.0",
      "license": "ISC",
      "dependencies": {
        "animejs": "^3.2.2",
        "matter-js": "^0.19.0",
        "matter-wrap": "^0.2.0",
        "point-in-svg-polygon": "^1.0.25",
        "poly-decomp": "^0.3.0",
        "polymorph-js": "^1.0.2"
      }
    },
    "node_modules/animejs": {
      "version": "3.2.2",
      "resolved": "https://registry.npmjs.org/animejs/-/animejs-3.2.2.tgz",
      "integrity": "sha512-Ao95qWLpDPXXM+WrmwcKbl6uNlC5tjnowlaRYtuVDHHoygjtIPfDUoK9NthrlZsQSKjZXlmji2TrBUAVbiH0LQ=="
    },
    "node_modules/matter-js": {
      "version": "0.19.0",
      "resolved": "https://registry.npmjs.org/matter-js/-/matter-js-0.19.0.tgz",
      "integrity": "sha512-v2huwvQGOHTGOkMqtHd2hercCG3f6QAObTisPPHg8TZqq2lz7eIY/5i/5YUV8Ibf3mEioFEmwibcPUF2/fnKKQ=="
    },
    "node_modules/matter-wrap": {
      "version": "0.2.0",
      "resolved": "https://registry.npmjs.org/matter-wrap/-/matter-wrap-0.2.0.tgz",
      "integrity": "sha512-Gp3tETlN6uZftc1Jnv1sogQd8uB2Xh4c5bQ18qKR6KOMfUlsS8vztrC1vDrZS8eg4MuwE1AgZEcwxI41BSW6oQ=="
    },
    "node_modules/point-in-svg-polygon": {
      "version": "1.0.25",
      "resolved": "https://registry.npmjs.org/point-in-svg-polygon/-/point-in-svg-polygon-1.0.25.tgz",
      "integrity": "sha512-+awi8uGl58xWLR8MIl5j7sl8mceH/Vl34yyw2kYmMuYFWIWZHNW3qQ+f10GdU0wHW3kPqw/SMcDmXJH4XBVpdg=="
    },
    "node_modules/poly-decomp": {
      "version": "0.3.0",
      "resolved": "https://registry.npmjs.org/poly-decomp/-/poly-decomp-0.3.0.tgz",
      "integrity": "sha512-hWeBxGzPYiybmI4548Fca7Up/0k1qS5+79cVHI9+H33dKya5YNb9hxl0ZnDaDgvrZSuYFBhkCK/HOnqN7gefkQ==",
      "engines": {
        "node": "*"
      }
    },
    "node_modules/polymorph-js": {
      "version": "1.0.2",
      "resolved": "https://registry.npmjs.org/polymorph-js/-/polymorph-js-1.0.2.tgz",
      "integrity": "sha512-moIVGNoyYwhzzl6DWssvJyUxE4y6Coe06JGaQ0tUd+DBzZLC5SD4Vc4fH3Etk9bJ2633AozHF2x00/IqH/iXYg=="
    }
  }
}
